// !$*UTF8*$!
{
	archiveVersion = 1;
	classes = {
	};
	objectVersion = 48;
	objects = {

/* Begin PBXBuildFile section */
		F84843982040387100112067 /* AppDelegate.swift in Sources */ = {isa = PBXBuildFile; fileRef = F84843972040387100112067 /* AppDelegate.swift */; };
		F848439A2040387100112067 /* ViewController.swift in Sources */ = {isa = PBXBuildFile; fileRef = F84843992040387100112067 /* ViewController.swift */; };
		F848439D2040387100112067 /* Main.storyboard in Resources */ = {isa = PBXBuildFile; fileRef = F848439B2040387100112067 /* Main.storyboard */; };
		F848439F2040387100112067 /* Assets.xcassets in Resources */ = {isa = PBXBuildFile; fileRef = F848439E2040387100112067 /* Assets.xcassets */; };
		F84843A22040387100112067 /* LaunchScreen.storyboard in Resources */ = {isa = PBXBuildFile; fileRef = F84843A02040387100112067 /* LaunchScreen.storyboard */; };
		F84843AF204058C000112067 /* GameTableViewController.swift in Sources */ = {isa = PBXBuildFile; fileRef = F84843AE204058C000112067 /* GameTableViewController.swift */; };
		F84843B120405A4100112067 /* GameRowCell.swift in Sources */ = {isa = PBXBuildFile; fileRef = F84843B020405A4100112067 /* GameRowCell.swift */; };
		F84843B5204074B800112067 /* Game.swift in Sources */ = {isa = PBXBuildFile; fileRef = F84843B4204074B800112067 /* Game.swift */; };
		F84843B72040788D00112067 /* GameDetailsViewController.swift in Sources */ = {isa = PBXBuildFile; fileRef = F84843B62040788D00112067 /* GameDetailsViewController.swift */; };
/* End PBXBuildFile section */

/* Begin PBXFileReference section */
		F84843942040387100112067 /* IGDB.app */ = {isa = PBXFileReference; explicitFileType = wrapper.application; includeInIndex = 0; path = IGDB.app; sourceTree = BUILT_PRODUCTS_DIR; };
		F84843972040387100112067 /* AppDelegate.swift */ = {isa = PBXFileReference; lastKnownFileType = sourcecode.swift; path = AppDelegate.swift; sourceTree = "<group>"; };
		F84843992040387100112067 /* ViewController.swift */ = {isa = PBXFileReference; lastKnownFileType = sourcecode.swift; path = ViewController.swift; sourceTree = "<group>"; };
		F848439C2040387100112067 /* Base */ = {isa = PBXFileReference; lastKnownFileType = file.storyboard; name = Base; path = Base.lproj/Main.storyboard; sourceTree = "<group>"; };
		F848439E2040387100112067 /* Assets.xcassets */ = {isa = PBXFileReference; lastKnownFileType = folder.assetcatalog; path = Assets.xcassets; sourceTree = "<group>"; };
		F84843A12040387100112067 /* Base */ = {isa = PBXFileReference; lastKnownFileType = file.storyboard; name = Base; path = Base.lproj/LaunchScreen.storyboard; sourceTree = "<group>"; };
		F84843A32040387100112067 /* Info.plist */ = {isa = PBXFileReference; lastKnownFileType = text.plist.xml; path = Info.plist; sourceTree = "<group>"; };
		F84843AE204058C000112067 /* GameTableViewController.swift */ = {isa = PBXFileReference; fileEncoding = 4; lastKnownFileType = sourcecode.swift; path = GameTableViewController.swift; sourceTree = "<group>"; };
		F84843B020405A4100112067 /* GameRowCell.swift */ = {isa = PBXFileReference; fileEncoding = 4; lastKnownFileType = sourcecode.swift; path = GameRowCell.swift; sourceTree = "<group>"; };
		F84843B4204074B800112067 /* Game.swift */ = {isa = PBXFileReference; lastKnownFileType = sourcecode.swift; path = Game.swift; sourceTree = "<group>"; };
		F84843B62040788D00112067 /* GameDetailsViewController.swift */ = {isa = PBXFileReference; fileEncoding = 4; lastKnownFileType = sourcecode.swift; path = GameDetailsViewController.swift; sourceTree = "<group>"; };
/* End PBXFileReference section */

/* Begin PBXFrameworksBuildPhase section */
		F84843912040387100112067 /* Frameworks */ = {
			isa = PBXFrameworksBuildPhase;
			buildActionMask = 2147483647;
			files = (
			);
			runOnlyForDeploymentPostprocessing = 0;
		};
/* End PBXFrameworksBuildPhase section */

/* Begin PBXGroup section */
		F848438B2040387100112067 = {
			isa = PBXGroup;
			children = (
				F84843962040387100112067 /* IGDB */,
				F84843952040387100112067 /* Products */,
			);
			sourceTree = "<group>";
		};
		F84843952040387100112067 /* Products */ = {
			isa = PBXGroup;
			children = (
				F84843942040387100112067 /* IGDB.app */,
			);
			name = Products;
			sourceTree = "<group>";
		};
		F84843962040387100112067 /* IGDB */ = {
			isa = PBXGroup;
			children = (
				F84843B22040748500112067 /* Models */,
				F84843AD2040586800112067 /* Controllers */,
				F84843AB2040506400112067 /* Views */,
				F84843972040387100112067 /* AppDelegate.swift */,
				F84843992040387100112067 /* ViewController.swift */,
				F848439B2040387100112067 /* Main.storyboard */,
				F848439E2040387100112067 /* Assets.xcassets */,
				F84843A02040387100112067 /* LaunchScreen.storyboard */,
				F84843A32040387100112067 /* Info.plist */,
			);
			path = IGDB;
			sourceTree = "<group>";
		};
		F84843AB2040506400112067 /* Views */ = {
			isa = PBXGroup;
			children = (
				F84843B020405A4100112067 /* GameRowCell.swift */,
			);
			path = Views;
			sourceTree = "<group>";
		};
		F84843AD2040586800112067 /* Controllers */ = {
			isa = PBXGroup;
			children = (
				F84843B62040788D00112067 /* GameDetailsViewController.swift */,
				F84843AE204058C000112067 /* GameTableViewController.swift */,
			);
			path = Controllers;
			sourceTree = "<group>";
		};
		F84843B22040748500112067 /* Models */ = {
			isa = PBXGroup;
			children = (
				F84843B4204074B800112067 /* Game.swift */,
			);
			path = Models;
			sourceTree = "<group>";
		};
/* End PBXGroup section */

/* Begin PBXNativeTarget section */
		F84843932040387100112067 /* IGDB */ = {
			isa = PBXNativeTarget;
			buildConfigurationList = F84843A62040387100112067 /* Build configuration list for PBXNativeTarget "IGDB" */;
			buildPhases = (
				F84843902040387100112067 /* Sources */,
				F84843912040387100112067 /* Frameworks */,
				F84843922040387100112067 /* Resources */,
			);
			buildRules = (
			);
			dependencies = (
			);
			name = IGDB;
			productName = IGDB;
			productReference = F84843942040387100112067 /* IGDB.app */;
			productType = "com.apple.product-type.application";
		};
/* End PBXNativeTarget section */

/* Begin PBXProject section */
		F848438C2040387100112067 /* Project object */ = {
			isa = PBXProject;
			attributes = {
				LastSwiftUpdateCheck = 0920;
				LastUpgradeCheck = 0920;
				ORGANIZATIONNAME = "Nitzan Braham";
				TargetAttributes = {
					F84843932040387100112067 = {
						CreatedOnToolsVersion = 9.2;
						ProvisioningStyle = Automatic;
					};
				};
			};
			buildConfigurationList = F848438F2040387100112067 /* Build configuration list for PBXProject "IGDB" */;
			compatibilityVersion = "Xcode 8.0";
			developmentRegion = en;
			hasScannedForEncodings = 0;
			knownRegions = (
				en,
				Base,
			);
			mainGroup = F848438B2040387100112067;
			productRefGroup = F84843952040387100112067 /* Products */;
			projectDirPath = "";
			projectRoot = "";
			targets = (
				F84843932040387100112067 /* IGDB */,
			);
		};
/* End PBXProject section */

/* Begin PBXResourcesBuildPhase section */
		F84843922040387100112067 /* Resources */ = {
			isa = PBXResourcesBuildPhase;
			buildActionMask = 2147483647;
			files = (
				F84843A22040387100112067 /* LaunchScreen.storyboard in Resources */,
				F848439F2040387100112067 /* Assets.xcassets in Resources */,
				F848439D2040387100112067 /* Main.storyboard in Resources */,
			);
			runOnlyForDeploymentPostprocessing = 0;
		};
/* End PBXResourcesBuildPhase section */

/* Begin PBXSourcesBuildPhase section */
		F84843902040387100112067 /* Sources */ = {
			isa = PBXSourcesBuildPhase;
			buildActionMask = 2147483647;
			files = (
				F84843AF204058C000112067 /* GameTableViewController.swift in Sources */,
				F84843B5204074B800112067 /* Game.swift in Sources */,
				F848439A2040387100112067 /* ViewController.swift in Sources */,
				F84843B120405A4100112067 /* GameRowCell.swift in Sources */,
				F84843982040387100112067 /* AppDelegate.swift in Sources */,
				F84843B72040788D00112067 /* GameDetailsViewController.swift in Sources */,
			);
			runOnlyForDeploymentPostprocessing = 0;
		};
/* End PBXSourcesBuildPhase section */

/* Begin PBXVariantGroup section */
		F848439B2040387100112067 /* Main.storyboard */ = {
			isa = PBXVariantGroup;
			children = (
				F848439C2040387100112067 /* Base */,
			);
			name = Main.storyboard;
			sourceTree = "<group>";
		};
		F84843A02040387100112067 /* LaunchScreen.storyboard */ = {
			isa = PBXVariantGroup;
			children = (
				F84843A12040387100112067 /* Base */,
			);
			name = LaunchScreen.storyboard;
			sourceTree = "<group>";
		};
/* End PBXVariantGroup section */

/* Begin XCBuildConfiguration section */
		F84843A42040387100112067 /* Debug */ = {
			isa = XCBuildConfiguration;
			buildSettings = {
				ALWAYS_SEARCH_USER_PATHS = NO;
				CLANG_ANALYZER_NONNULL = YES;
				CLANG_ANALYZER_NUMBER_OBJECT_CONVERSION = YES_AGGRESSIVE;
				CLANG_CXX_LANGUAGE_STANDARD = "gnu++14";
				CLANG_CXX_LIBRARY = "libc++";
				CLANG_ENABLE_MODULES = YES;
				CLANG_ENABLE_OBJC_ARC = YES;
				CLANG_WARN_BLOCK_CAPTURE_AUTORELEASING = YES;
				CLANG_WARN_BOOL_CONVERSION = YES;
				CLANG_WARN_COMMA = YES;
				CLANG_WARN_CONSTANT_CONVERSION = YES;
				CLANG_WARN_DIRECT_OBJC_ISA_USAGE = YES_ERROR;
				CLANG_WARN_DOCUMENTATION_COMMENTS = YES;
				CLANG_WARN_EMPTY_BODY = YES;
				CLANG_WARN_ENUM_CONVERSION = YES;
				CLANG_WARN_INFINITE_RECURSION = YES;
				CLANG_WARN_INT_CONVERSION = YES;
				CLANG_WARN_NON_LITERAL_NULL_CONVERSION = YES;
				CLANG_WARN_OBJC_LITERAL_CONVERSION = YES;
				CLANG_WARN_OBJC_ROOT_CLASS = YES_ERROR;
				CLANG_WARN_RANGE_LOOP_ANALYSIS = YES;
				CLANG_WARN_STRICT_PROTOTYPES = YES;
				CLANG_WARN_SUSPICIOUS_MOVE = YES;
				CLANG_WARN_UNGUARDED_AVAILABILITY = YES_AGGRESSIVE;
				CLANG_WARN_UNREACHABLE_CODE = YES;
				CLANG_WARN__DUPLICATE_METHOD_MATCH = YES;
				CODE_SIGN_IDENTITY = "iPhone Developer";
				COPY_PHASE_STRIP = NO;
				DEBUG_INFORMATION_FORMAT = dwarf;
				ENABLE_STRICT_OBJC_MSGSEND = YES;
				ENABLE_TESTABILITY = YES;
				GCC_C_LANGUAGE_STANDARD = gnu11;
				GCC_DYNAMIC_NO_PIC = NO;
				GCC_NO_COMMON_BLOCKS = YES;
				GCC_OPTIMIZATION_LEVEL = 0;
				GCC_PREPROCESSOR_DEFINITIONS = (
					"DEBUG=1",
					"$(inherited)",
				);
				GCC_WARN_64_TO_32_BIT_CONVERSION = YES;
				GCC_WARN_ABOUT_RETURN_TYPE = YES_ERROR;
				GCC_WARN_UNDECLARED_SELECTOR = YES;
				GCC_WARN_UNINITIALIZED_AUTOS = YES_AGGRESSIVE;
				GCC_WARN_UNUSED_FUNCTION = YES;
				GCC_WARN_UNUSED_VARIABLE = YES;
				IPHONEOS_DEPLOYMENT_TARGET = 11.2;
				MTL_ENABLE_DEBUG_INFO = YES;
				ONLY_ACTIVE_ARCH = YES;
				SDKROOT = iphoneos;
				SWIFT_ACTIVE_COMPILATION_CONDITIONS = DEBUG;
				SWIFT_OPTIMIZATION_LEVEL = "-Onone";
			};
			name = Debug;
		};
		F84843A52040387100112067 /* Release */ = {
			isa = XCBuildConfiguration;
			buildSettings = {
				ALWAYS_SEARCH_USER_PATHS = NO;
				CLANG_ANALYZER_NONNULL = YES;
				CLANG_ANALYZER_NUMBER_OBJECT_CONVERSION = YES_AGGRESSIVE;
				CLANG_CXX_LANGUAGE_STANDARD = "gnu++14";
				CLANG_CXX_LIBRARY = "libc++";
				CLANG_ENABLE_MODULES = YES;
				CLANG_ENABLE_OBJC_ARC = YES;
				CLANG_WARN_BLOCK_CAPTURE_AUTORELEASING = YES;
				CLANG_WARN_BOOL_CONVERSION = YES;
				CLANG_WARN_COMMA = YES;
				CLANG_WARN_CONSTANT_CONVERSION = YES;
				CLANG_WARN_DIRECT_OBJC_ISA_USAGE = YES_ERROR;
				CLANG_WARN_DOCUMENTATION_COMMENTS = YES;
				CLANG_WARN_EMPTY_BODY = YES;
				CLANG_WARN_ENUM_CONVERSION = YES;
				CLANG_WARN_INFINITE_RECURSION = YES;
				CLANG_WARN_INT_CONVERSION = YES;
				CLANG_WARN_NON_LITERAL_NULL_CONVERSION = YES;
				CLANG_WARN_OBJC_LITERAL_CONVERSION = YES;
				CLANG_WARN_OBJC_ROOT_CLASS = YES_ERROR;
				CLANG_WARN_RANGE_LOOP_ANALYSIS = YES;
				CLANG_WARN_STRICT_PROTOTYPES = YES;
				CLANG_WARN_SUSPICIOUS_MOVE = YES;
				CLANG_WARN_UNGUARDED_AVAILABILITY = YES_AGGRESSIVE;
				CLANG_WARN_UNREACHABLE_CODE = YES;
				CLANG_WARN__DUPLICATE_METHOD_MATCH = YES;
				CODE_SIGN_IDENTITY = "iPhone Developer";
				COPY_PHASE_STRIP = NO;
				DEBUG_INFORMATION_FORMAT = "dwarf-with-dsym";
				ENABLE_NS_ASSERTIONS = NO;
				ENABLE_STRICT_OBJC_MSGSEND = YES;
				GCC_C_LANGUAGE_STANDARD = gnu11;
				GCC_NO_COMMON_BLOCKS = YES;
				GCC_WARN_64_TO_32_BIT_CONVERSION = YES;
				GCC_WARN_ABOUT_RETURN_TYPE = YES_ERROR;
				GCC_WARN_UNDECLARED_SELECTOR = YES;
				GCC_WARN_UNINITIALIZED_AUTOS = YES_AGGRESSIVE;
				GCC_WARN_UNUSED_FUNCTION = YES;
				GCC_WARN_UNUSED_VARIABLE = YES;
				IPHONEOS_DEPLOYMENT_TARGET = 11.2;
				MTL_ENABLE_DEBUG_INFO = NO;
				SDKROOT = iphoneos;
				SWIFT_OPTIMIZATION_LEVEL = "-Owholemodule";
				VALIDATE_PRODUCT = YES;
			};
			name = Release;
		};
		F84843A72040387100112067 /* Debug */ = {
			isa = XCBuildConfiguration;
			buildSettings = {
				ASSETCATALOG_COMPILER_APPICON_NAME = AppIcon;
				CODE_SIGN_STYLE = Automatic;
				INFOPLIST_FILE = IGDB/Info.plist;
				LD_RUNPATH_SEARCH_PATHS = "$(inherited) @executable_path/Frameworks";
				PRODUCT_BUNDLE_IDENTIFIER = com.example.IGDB;
				PRODUCT_NAME = "$(TARGET_NAME)";
				SWIFT_VERSION = 4.0;
				TARGETED_DEVICE_FAMILY = "1,2";
			};
			name = Debug;
		};
		F84843A82040387100112067 /* Release */ = {
			isa = XCBuildConfiguration;
			buildSettings = {
				ASSETCATALOG_COMPILER_APPICON_NAME = AppIcon;
				CODE_SIGN_STYLE = Automatic;
				INFOPLIST_FILE = IGDB/Info.plist;
				LD_RUNPATH_SEARCH_PATHS = "$(inherited) @executable_path/Frameworks";
				PRODUCT_BUNDLE_IDENTIFIER = com.example.IGDB;
				PRODUCT_NAME = "$(TARGET_NAME)";
				SWIFT_VERSION = 4.0;
				TARGETED_DEVICE_FAMILY = "1,2";
			};
			name = Release;
		};
/* End XCBuildConfiguration section */

/* Begin XCConfigurationList section */
		F848438F2040387100112067 /* Build configuration list for PBXProject "IGDB" */ = {
			isa = XCConfigurationList;
			buildConfigurations = (
				F84843A42040387100112067 /* Debug */,
				F84843A52040387100112067 /* Release */,
			);
			defaultConfigurationIsVisible = 0;
			defaultConfigurationName = Release;
		};
		F84843A62040387100112067 /* Build configuration list for PBXNativeTarget "IGDB" */ = {
			isa = XCConfigurationList;
			buildConfigurations = (
				F84843A72040387100112067 /* Debug */,
				F84843A82040387100112067 /* Release */,
			);
			defaultConfigurationIsVisible = 0;
			defaultConfigurationName = Release;
		};
/* End XCConfigurationList section */
	};
	rootObject = F848438C2040387100112067 /* Project object */;
}
